
Microsoft Visual Studio Solution File, Format Version 12.00
# Visual Studio Version 17
VisualStudioVersion = 17.7.34202.233
MinimumVisualStudioVersion = 10.0.40219.1
Project("{FAE04EC0-301F-11D3-BF4B-00C04F79EFBC}") = "mehmetentity", "mehmetentity\mehmetentity.csproj", "{6DC05433-CA2A-4B68-B563-DEFB0DC7DBEF}"
EndProject
Global
	GlobalSection(SolutionConfigurationPlatforms) = preSolution
		Debug|Any CPU = Debug|Any CPU
		Release|Any CPU = Release|Any CPU
	EndGlobalSection
	GlobalSection(ProjectConfigurationPlatforms) = postSolution
		{6DC05433-CA2A-4B68-B563-DEFB0DC7DBEF}.Debug|Any CPU.ActiveCfg = Debug|Any CPU
		{6DC05433-CA2A-4B68-B563-DEFB0DC7DBEF}.Debug|Any CPU.Build.0 = Debug|Any CPU
		{6DC05433-CA2A-4B68-B563-DEFB0DC7DBEF}.Release|Any CPU.ActiveCfg = Release|Any CPU
		{6DC05433-CA2A-4B68-B563-DEFB0DC7DBEF}.Release|Any CPU.Build.0 = Release|Any CPU
	EndGlobalSection
	GlobalSection(SolutionProperties) = preSolution
		HideSolutionNode = FALSE
	EndGlobalSection
	GlobalSection(ExtensibilityGlobals) = postSolution
		SolutionGuid = {12FF54FC-BC2D-4D32-B24F-CF6E3F5E0B34}
	EndGlobalSection
EndGlobal
